
Microsoft Visual Studio Solution File, Format Version 12.00
# Visual Studio 15
VisualStudioVersion = 15.0.27130.2010
MinimumVisualStudioVersion = 10.0.40219.1
Project("{FAE04EC0-301F-11D3-BF4B-00C04F79EFBC}") = "FavoriteThings", "FavoriteThings\FavoriteThings.csproj", "{117FB7C8-0522-46B2-A06E-CC1A84286C56}"
EndProject
Global
	GlobalSection(SolutionConfigurationPlatforms) = preSolution
		Debug|Any CPU = Debug|Any CPU
		Release|Any CPU = Release|Any CPU
	EndGlobalSection
	GlobalSection(ProjectConfigurationPlatforms) = postSolution
		{117FB7C8-0522-46B2-A06E-CC1A84286C56}.Debug|Any CPU.ActiveCfg = Debug|Any CPU
		{117FB7C8-0522-46B2-A06E-CC1A84286C56}.Debug|Any CPU.Build.0 = Debug|Any CPU
		{117FB7C8-0522-46B2-A06E-CC1A84286C56}.Release|Any CPU.ActiveCfg = Release|Any CPU
		{117FB7C8-0522-46B2-A06E-CC1A84286C56}.Release|Any CPU.Build.0 = Release|Any CPU
	EndGlobalSection
	GlobalSection(SolutionProperties) = preSolution
		HideSolutionNode = FALSE
	EndGlobalSection
	GlobalSection(ExtensibilityGlobals) = postSolution
		SolutionGuid = {2CE94442-D321-4314-A75D-2C5D94232063}
	EndGlobalSection
EndGlobal
